
Microsoft Visual Studio Solution File, Format Version 12.00
# Visual Studio Version 17
VisualStudioVersion = 17.5.2.0
MinimumVisualStudioVersion = 10.0.40219.1
Project("{FAE04EC0-301F-11D3-BF4B-00C04F79EFBC}") = "MagicAST", "libs\magic-ast\MagicAST.csproj", "{9EB03E5A-987E-2B73-EDF3-EC490778754E}"
EndProject
Project("{2150E333-8FDC-42A3-9474-1A3956D46DE8}") = "libs", "libs", "{6C4D298B-81FB-2B6B-5AB6-46205EDDC72C}"
EndProject
Project("{2150E333-8FDC-42A3-9474-1A3956D46DE8}") = "atlas-flows", "atlas-flows", "{F7676544-876E-82B0-DDDE-1C559B4FC509}"
EndProject
Project("{FAE04EC0-301F-11D3-BF4B-00C04F79EFBC}") = "MagicAtlas.Flows", "libs\atlas-flows\MagicAtlas.Flows.csproj", "{C13A555F-93A4-4246-BD4B-C6E42937E91C}"
EndProject
Project("{2150E333-8FDC-42A3-9474-1A3956D46DE8}") = "tests", "tests", "{0AB3BF05-4346-4AA6-1389-037BE0695223}"
EndProject
Project("{2150E333-8FDC-42A3-9474-1A3956D46DE8}") = "atlas-flow-test", "atlas-flow-test", "{5DCACE0B-3AA9-49F4-B95D-3640073B89D5}"
EndProject
Project("{FAE04EC0-301F-11D3-BF4B-00C04F79EFBC}") = "MagicAtlas.Flows.Harness", "tests\atlas-flow-test\MagicAtlas.Flows.Harness.csproj", "{DD25EA3B-B5E2-40F5-A780-665A8BB1DEF9}"
EndProject
Project("{2150E333-8FDC-42A3-9474-1A3956D46DE8}") = "magic-ast-tests", "magic-ast-tests", "{C5555C97-767D-65A3-3EC1-B67AAB0AC3BC}"
EndProject
Project("{FAE04EC0-301F-11D3-BF4B-00C04F79EFBC}") = "MagicAtlas.Ast.Tests", "tests\magic-ast-tests\MagicAtlas.Ast.Tests.csproj", "{8D88C995-608E-4110-B059-C8305DFB6D34}"
EndProject
Project("{2150E333-8FDC-42A3-9474-1A3956D46DE8}") = "magic-ast", "magic-ast", "{79247CEF-156F-9D08-6B8D-8AEFD94CC021}"
EndProject
Global
	GlobalSection(SolutionConfigurationPlatforms) = preSolution
		Debug|Any CPU = Debug|Any CPU
		Debug|x64 = Debug|x64
		Debug|x86 = Debug|x86
		Release|Any CPU = Release|Any CPU
		Release|x64 = Release|x64
		Release|x86 = Release|x86
	EndGlobalSection
	GlobalSection(ProjectConfigurationPlatforms) = postSolution
		{9EB03E5A-987E-2B73-EDF3-EC490778754E}.Debug|Any CPU.ActiveCfg = Debug|Any CPU
		{9EB03E5A-987E-2B73-EDF3-EC490778754E}.Debug|Any CPU.Build.0 = Debug|Any CPU
		{9EB03E5A-987E-2B73-EDF3-EC490778754E}.Debug|x64.ActiveCfg = Debug|Any CPU
		{9EB03E5A-987E-2B73-EDF3-EC490778754E}.Debug|x64.Build.0 = Debug|Any CPU
		{9EB03E5A-987E-2B73-EDF3-EC490778754E}.Debug|x86.ActiveCfg = Debug|Any CPU
		{9EB03E5A-987E-2B73-EDF3-EC490778754E}.Debug|x86.Build.0 = Debug|Any CPU
		{9EB03E5A-987E-2B73-EDF3-EC490778754E}.Release|Any CPU.ActiveCfg = Release|Any CPU
		{9EB03E5A-987E-2B73-EDF3-EC490778754E}.Release|Any CPU.Build.0 = Release|Any CPU
		{9EB03E5A-987E-2B73-EDF3-EC490778754E}.Release|x64.ActiveCfg = Release|Any CPU
		{9EB03E5A-987E-2B73-EDF3-EC490778754E}.Release|x64.Build.0 = Release|Any CPU
		{9EB03E5A-987E-2B73-EDF3-EC490778754E}.Release|x86.ActiveCfg = Release|Any CPU
		{9EB03E5A-987E-2B73-EDF3-EC490778754E}.Release|x86.Build.0 = Release|Any CPU
		{C13A555F-93A4-4246-BD4B-C6E42937E91C}.Debug|Any CPU.ActiveCfg = Debug|Any CPU
		{C13A555F-93A4-4246-BD4B-C6E42937E91C}.Debug|Any CPU.Build.0 = Debug|Any CPU
		{C13A555F-93A4-4246-BD4B-C6E42937E91C}.Debug|x64.ActiveCfg = Debug|Any CPU
		{C13A555F-93A4-4246-BD4B-C6E42937E91C}.Debug|x64.Build.0 = Debug|Any CPU
		{C13A555F-93A4-4246-BD4B-C6E42937E91C}.Debug|x86.ActiveCfg = Debug|Any CPU
		{C13A555F-93A4-4246-BD4B-C6E42937E91C}.Debug|x86.Build.0 = Debug|Any CPU
		{C13A555F-93A4-4246-BD4B-C6E42937E91C}.Release|Any CPU.ActiveCfg = Release|Any CPU
		{C13A555F-93A4-4246-BD4B-C6E42937E91C}.Release|Any CPU.Build.0 = Release|Any CPU
		{C13A555F-93A4-4246-BD4B-C6E42937E91C}.Release|x64.ActiveCfg = Release|Any CPU
		{C13A555F-93A4-4246-BD4B-C6E42937E91C}.Release|x64.Build.0 = Release|Any CPU
		{C13A555F-93A4-4246-BD4B-C6E42937E91C}.Release|x86.ActiveCfg = Release|Any CPU
		{C13A555F-93A4-4246-BD4B-C6E42937E91C}.Release|x86.Build.0 = Release|Any CPU
		{DD25EA3B-B5E2-40F5-A780-665A8BB1DEF9}.Debug|Any CPU.ActiveCfg = Debug|Any CPU
		{DD25EA3B-B5E2-40F5-A780-665A8BB1DEF9}.Debug|Any CPU.Build.0 = Debug|Any CPU
		{DD25EA3B-B5E2-40F5-A780-665A8BB1DEF9}.Debug|x64.ActiveCfg = Debug|Any CPU
		{DD25EA3B-B5E2-40F5-A780-665A8BB1DEF9}.Debug|x64.Build.0 = Debug|Any CPU
		{DD25EA3B-B5E2-40F5-A780-665A8BB1DEF9}.Debug|x86.ActiveCfg = Debug|Any CPU
		{DD25EA3B-B5E2-40F5-A780-665A8BB1DEF9}.Debug|x86.Build.0 = Debug|Any CPU
		{DD25EA3B-B5E2-40F5-A780-665A8BB1DEF9}.Release|Any CPU.ActiveCfg = Release|Any CPU
		{DD25EA3B-B5E2-40F5-A780-665A8BB1DEF9}.Release|Any CPU.Build.0 = Release|Any CPU
		{DD25EA3B-B5E2-40F5-A780-665A8BB1DEF9}.Release|x64.ActiveCfg = Release|Any CPU
		{DD25EA3B-B5E2-40F5-A780-665A8BB1DEF9}.Release|x64.Build.0 = Release|Any CPU
		{DD25EA3B-B5E2-40F5-A780-665A8BB1DEF9}.Release|x86.ActiveCfg = Release|Any CPU
		{DD25EA3B-B5E2-40F5-A780-665A8BB1DEF9}.Release|x86.Build.0 = Release|Any CPU
		{8D88C995-608E-4110-B059-C8305DFB6D34}.Debug|Any CPU.ActiveCfg = Debug|Any CPU
		{8D88C995-608E-4110-B059-C8305DFB6D34}.Debug|Any CPU.Build.0 = Debug|Any CPU
		{8D88C995-608E-4110-B059-C8305DFB6D34}.Debug|x64.ActiveCfg = Debug|Any CPU
		{8D88C995-608E-4110-B059-C8305DFB6D34}.Debug|x64.Build.0 = Debug|Any CPU
		{8D88C995-608E-4110-B059-C8305DFB6D34}.Debug|x86.ActiveCfg = Debug|Any CPU
		{8D88C995-608E-4110-B059-C8305DFB6D34}.Debug|x86.Build.0 = Debug|Any CPU
		{8D88C995-608E-4110-B059-C8305DFB6D34}.Release|Any CPU.ActiveCfg = Release|Any CPU
		{8D88C995-608E-4110-B059-C8305DFB6D34}.Release|Any CPU.Build.0 = Release|Any CPU
		{8D88C995-608E-4110-B059-C8305DFB6D34}.Release|x64.ActiveCfg = Release|Any CPU
		{8D88C995-608E-4110-B059-C8305DFB6D34}.Release|x64.Build.0 = Release|Any CPU
		{8D88C995-608E-4110-B059-C8305DFB6D34}.Release|x86.ActiveCfg = Release|Any CPU
		{8D88C995-608E-4110-B059-C8305DFB6D34}.Release|x86.Build.0 = Release|Any CPU
	EndGlobalSection
	GlobalSection(SolutionProperties) = preSolution
		HideSolutionNode = FALSE
	EndGlobalSection
	GlobalSection(NestedProjects) = preSolution
		{F7676544-876E-82B0-DDDE-1C559B4FC509} = {6C4D298B-81FB-2B6B-5AB6-46205EDDC72C}
		{C13A555F-93A4-4246-BD4B-C6E42937E91C} = {F7676544-876E-82B0-DDDE-1C559B4FC509}
		{5DCACE0B-3AA9-49F4-B95D-3640073B89D5} = {0AB3BF05-4346-4AA6-1389-037BE0695223}
		{DD25EA3B-B5E2-40F5-A780-665A8BB1DEF9} = {5DCACE0B-3AA9-49F4-B95D-3640073B89D5}
		{C5555C97-767D-65A3-3EC1-B67AAB0AC3BC} = {0AB3BF05-4346-4AA6-1389-037BE0695223}
		{8D88C995-608E-4110-B059-C8305DFB6D34} = {C5555C97-767D-65A3-3EC1-B67AAB0AC3BC}
		{79247CEF-156F-9D08-6B8D-8AEFD94CC021} = {6C4D298B-81FB-2B6B-5AB6-46205EDDC72C}
	EndGlobalSection
	GlobalSection(ExtensibilityGlobals) = postSolution
		SolutionGuid = {402BF0D1-1312-4409-9C36-F89A28399D55}
	EndGlobalSection
EndGlobal
